// !$*UTF8*$!
{
	archiveVersion = 1;
	classes = {
	};
	objectVersion = 50;
	objects = {

/* Begin PBXBuildFile section */
		DD265AD52099D7B100FF1C0D /* EndGameController.swift in Sources */ = {isa = PBXBuildFile; fileRef = DD265AD42099D7B100FF1C0D /* EndGameController.swift */; };
		DD265AD82099EF4E00FF1C0D /* PlayerScore.swift in Sources */ = {isa = PBXBuildFile; fileRef = DD265AD72099EF4E00FF1C0D /* PlayerScore.swift */; };
		DD99FF80208F25D1009B42E5 /* BadWrite.ttf in Resources */ = {isa = PBXBuildFile; fileRef = DD99FF7F208F25D1009B42E5 /* BadWrite.ttf */; };
		DD99FF85208F45B4009B42E5 /* AnimatorManager.swift in Sources */ = {isa = PBXBuildFile; fileRef = DD99FF84208F45B4009B42E5 /* AnimatorManager.swift */; };
		DD99FF87208FB6FC009B42E5 /* Points.swift in Sources */ = {isa = PBXBuildFile; fileRef = DD99FF86208FB6FC009B42E5 /* Points.swift */; };
		DDC39611208702F000B46249 /* AppDelegate.swift in Sources */ = {isa = PBXBuildFile; fileRef = DDC39610208702F000B46249 /* AppDelegate.swift */; };
		DDC39613208702F000B46249 /* HomeController.swift in Sources */ = {isa = PBXBuildFile; fileRef = DDC39612208702F000B46249 /* HomeController.swift */; };
		DDC39618208702F100B46249 /* Assets.xcassets in Resources */ = {isa = PBXBuildFile; fileRef = DDC39617208702F100B46249 /* Assets.xcassets */; };
		DDC396252087167B00B46249 /* GameController.swift in Sources */ = {isa = PBXBuildFile; fileRef = DDC396242087167B00B46249 /* GameController.swift */; };
		DDC3963820872BA400B46249 /* pong.png in Resources */ = {isa = PBXBuildFile; fileRef = DDC3963720872BA400B46249 /* pong.png */; };
		DDC39640208733F600B46249 /* Pong.swift in Sources */ = {isa = PBXBuildFile; fileRef = DDC3963F208733F600B46249 /* Pong.swift */; };
		DDC3964A20873A7300B46249 /* Main.storyboard in Resources */ = {isa = PBXBuildFile; fileRef = DDC3964820873A7200B46249 /* Main.storyboard */; };
		DDC3964B20873A7300B46249 /* LaunchScreen.storyboard in Resources */ = {isa = PBXBuildFile; fileRef = DDC3964920873A7300B46249 /* LaunchScreen.storyboard */; };
/* End PBXBuildFile section */

/* Begin PBXFileReference section */
		DD265AD42099D7B100FF1C0D /* EndGameController.swift */ = {isa = PBXFileReference; lastKnownFileType = sourcecode.swift; path = EndGameController.swift; sourceTree = "<group>"; };
		DD265AD72099EF4E00FF1C0D /* PlayerScore.swift */ = {isa = PBXFileReference; lastKnownFileType = sourcecode.swift; path = PlayerScore.swift; sourceTree = "<group>"; };
		DD99FF7F208F25D1009B42E5 /* BadWrite.ttf */ = {isa = PBXFileReference; lastKnownFileType = file; path = BadWrite.ttf; sourceTree = "<group>"; };
		DD99FF84208F45B4009B42E5 /* AnimatorManager.swift */ = {isa = PBXFileReference; lastKnownFileType = sourcecode.swift; path = AnimatorManager.swift; sourceTree = "<group>"; };
		DD99FF86208FB6FC009B42E5 /* Points.swift */ = {isa = PBXFileReference; fileEncoding = 4; lastKnownFileType = sourcecode.swift; path = Points.swift; sourceTree = "<group>"; };
		DDC3960D208702F000B46249 /* bubbletime.app */ = {isa = PBXFileReference; explicitFileType = wrapper.application; includeInIndex = 0; path = bubbletime.app; sourceTree = BUILT_PRODUCTS_DIR; };
		DDC39610208702F000B46249 /* AppDelegate.swift */ = {isa = PBXFileReference; lastKnownFileType = sourcecode.swift; path = AppDelegate.swift; sourceTree = "<group>"; };
		DDC39612208702F000B46249 /* HomeController.swift */ = {isa = PBXFileReference; lastKnownFileType = sourcecode.swift; path = HomeController.swift; sourceTree = "<group>"; };
		DDC39617208702F100B46249 /* Assets.xcassets */ = {isa = PBXFileReference; lastKnownFileType = folder.assetcatalog; path = Assets.xcassets; sourceTree = "<group>"; };
		DDC3961C208702F100B46249 /* Info.plist */ = {isa = PBXFileReference; lastKnownFileType = text.plist.xml; path = Info.plist; sourceTree = "<group>"; };
		DDC396242087167B00B46249 /* GameController.swift */ = {isa = PBXFileReference; lastKnownFileType = sourcecode.swift; path = GameController.swift; sourceTree = "<group>"; };
		DDC3963720872BA400B46249 /* pong.png */ = {isa = PBXFileReference; lastKnownFileType = image.png; path = pong.png; sourceTree = "<group>"; };
		DDC3963F208733F600B46249 /* Pong.swift */ = {isa = PBXFileReference; lastKnownFileType = sourcecode.swift; path = Pong.swift; sourceTree = "<group>"; };
		DDC3964820873A7200B46249 /* Main.storyboard */ = {isa = PBXFileReference; fileEncoding = 4; lastKnownFileType = file.storyboard; path = Main.storyboard; sourceTree = "<group>"; };
		DDC3964920873A7300B46249 /* LaunchScreen.storyboard */ = {isa = PBXFileReference; fileEncoding = 4; lastKnownFileType = file.storyboard; path = LaunchScreen.storyboard; sourceTree = "<group>"; };
/* End PBXFileReference section */

/* Begin PBXFrameworksBuildPhase section */
		DDC3960A208702F000B46249 /* Frameworks */ = {
			isa = PBXFrameworksBuildPhase;
			buildActionMask = 2147483647;
			files = (
			);
			runOnlyForDeploymentPostprocessing = 0;
		};
/* End PBXFrameworksBuildPhase section */

/* Begin PBXGroup section */
		DD265AD62099EF3C00FF1C0D /* Models */ = {
			isa = PBXGroup;
			children = (
				DD265AD72099EF4E00FF1C0D /* PlayerScore.swift */,
			);
			path = Models;
			sourceTree = "<group>";
		};
		DD99FF81208F2B35009B42E5 /* utils */ = {
			isa = PBXGroup;
			children = (
				DD99FF84208F45B4009B42E5 /* AnimatorManager.swift */,
			);
			path = utils;
			sourceTree = "<group>";
		};
		DDC39604208702F000B46249 = {
			isa = PBXGroup;
			children = (
				DDC3960F208702F000B46249 /* bubbletime */,
				DDC3960E208702F000B46249 /* Products */,
			);
			sourceTree = "<group>";
		};
		DDC3960E208702F000B46249 /* Products */ = {
			isa = PBXGroup;
			children = (
				DDC3960D208702F000B46249 /* bubbletime.app */,
			);
			name = Products;
			sourceTree = "<group>";
		};
		DDC3960F208702F000B46249 /* bubbletime */ = {
			isa = PBXGroup;
			children = (
				DD265AD62099EF3C00FF1C0D /* Models */,
				DD99FF81208F2B35009B42E5 /* utils */,
				DDC3964F20873AC400B46249 /* Assets */,
				DDC3964E20873AAF00B46249 /* Controllers */,
				DDC3964C20873A7700B46249 /* Storyboards */,
				DDC3964D20873A9A00B46249 /* Views */,
				DDC39610208702F000B46249 /* AppDelegate.swift */,
				DDC39617208702F100B46249 /* Assets.xcassets */,
				DDC3961C208702F100B46249 /* Info.plist */,
			);
			path = bubbletime;
			sourceTree = "<group>";
		};
		DDC3964C20873A7700B46249 /* Storyboards */ = {
			isa = PBXGroup;
			children = (
				DDC3964920873A7300B46249 /* LaunchScreen.storyboard */,
				DDC3964820873A7200B46249 /* Main.storyboard */,
			);
			path = Storyboards;
			sourceTree = "<group>";
		};
		DDC3964D20873A9A00B46249 /* Views */ = {
			isa = PBXGroup;
			children = (
				DDC3963F208733F600B46249 /* Pong.swift */,
				DD99FF86208FB6FC009B42E5 /* Points.swift */,
			);
			path = Views;
			sourceTree = "<group>";
		};
		DDC3964E20873AAF00B46249 /* Controllers */ = {
			isa = PBXGroup;
			children = (
				DDC39612208702F000B46249 /* HomeController.swift */,
				DDC396242087167B00B46249 /* GameController.swift */,
				DD265AD42099D7B100FF1C0D /* EndGameController.swift */,
			);
			path = Controllers;
			sourceTree = "<group>";
		};
		DDC3964F20873AC400B46249 /* Assets */ = {
			isa = PBXGroup;
			children = (
				DDC3963720872BA400B46249 /* pong.png */,
				DD99FF7F208F25D1009B42E5 /* BadWrite.ttf */,
			);
			path = Assets;
			sourceTree = "<group>";
		};
/* End PBXGroup section */

/* Begin PBXNativeTarget section */
		DDC3960C208702F000B46249 /* bubbletime */ = {
			isa = PBXNativeTarget;
			buildConfigurationList = DDC3961F208702F100B46249 /* Build configuration list for PBXNativeTarget "bubbletime" */;
			buildPhases = (
				DDC39609208702F000B46249 /* Sources */,
				DDC3960A208702F000B46249 /* Frameworks */,
				DDC3960B208702F000B46249 /* Resources */,
			);
			buildRules = (
			);
			dependencies = (
			);
			name = bubbletime;
			productName = "pongagon-2";
			productReference = DDC3960D208702F000B46249 /* bubbletime.app */;
			productType = "com.apple.product-type.application";
		};
/* End PBXNativeTarget section */

/* Begin PBXProject section */
		DDC39605208702F000B46249 /* Project object */ = {
			isa = PBXProject;
			attributes = {
				LastSwiftUpdateCheck = 0930;
				LastUpgradeCheck = 0930;
				ORGANIZATIONNAME = "Sudo-Code Software";
				TargetAttributes = {
					DDC3960C208702F000B46249 = {
						CreatedOnToolsVersion = 9.3;
					};
				};
			};
			buildConfigurationList = DDC39608208702F000B46249 /* Build configuration list for PBXProject "bubbletime" */;
			compatibilityVersion = "Xcode 9.3";
			developmentRegion = en;
			hasScannedForEncodings = 0;
			knownRegions = (
				en,
				Base,
			);
			mainGroup = DDC39604208702F000B46249;
			productRefGroup = DDC3960E208702F000B46249 /* Products */;
			projectDirPath = "";
			projectRoot = "";
			targets = (
				DDC3960C208702F000B46249 /* bubbletime */,
			);
		};
/* End PBXProject section */

/* Begin PBXResourcesBuildPhase section */
		DDC3960B208702F000B46249 /* Resources */ = {
			isa = PBXResourcesBuildPhase;
			buildActionMask = 2147483647;
			files = (
				DDC3963820872BA400B46249 /* pong.png in Resources */,
				DD99FF80208F25D1009B42E5 /* BadWrite.ttf in Resources */,
				DDC39618208702F100B46249 /* Assets.xcassets in Resources */,
				DDC3964B20873A7300B46249 /* LaunchScreen.storyboard in Resources */,
				DDC3964A20873A7300B46249 /* Main.storyboard in Resources */,
			);
			runOnlyForDeploymentPostprocessing = 0;
		};
/* End PBXResourcesBuildPhase section */

/* Begin PBXSourcesBuildPhase section */
		DDC39609208702F000B46249 /* Sources */ = {
			isa = PBXSourcesBuildPhase;
			buildActionMask = 2147483647;
			files = (
				DDC39613208702F000B46249 /* HomeController.swift in Sources */,
				DDC396252087167B00B46249 /* GameController.swift in Sources */,
				DD265AD82099EF4E00FF1C0D /* PlayerScore.swift in Sources */,
				DD99FF85208F45B4009B42E5 /* AnimatorManager.swift in Sources */,
				DDC39611208702F000B46249 /* AppDelegate.swift in Sources */,
				DD99FF87208FB6FC009B42E5 /* Points.swift in Sources */,
				DDC39640208733F600B46249 /* Pong.swift in Sources */,
				DD265AD52099D7B100FF1C0D /* EndGameController.swift in Sources */,
			);
			runOnlyForDeploymentPostprocessing = 0;
		};
/* End PBXSourcesBuildPhase section */

/* Begin XCBuildConfiguration section */
		DDC3961D208702F100B46249 /* Debug */ = {
			isa = XCBuildConfiguration;
			buildSettings = {
				ALWAYS_SEARCH_USER_PATHS = NO;
				CLANG_ANALYZER_NONNULL = YES;
				CLANG_ANALYZER_NUMBER_OBJECT_CONVERSION = YES_AGGRESSIVE;
				CLANG_CXX_LANGUAGE_STANDARD = "gnu++14";
				CLANG_CXX_LIBRARY = "libc++";
				CLANG_ENABLE_MODULES = YES;
				CLANG_ENABLE_OBJC_ARC = YES;
				CLANG_ENABLE_OBJC_WEAK = YES;
				CLANG_WARN_BLOCK_CAPTURE_AUTORELEASING = YES;
				CLANG_WARN_BOOL_CONVERSION = YES;
				CLANG_WARN_COMMA = YES;
				CLANG_WARN_CONSTANT_CONVERSION = YES;
				CLANG_WARN_DEPRECATED_OBJC_IMPLEMENTATIONS = YES;
				CLANG_WARN_DIRECT_OBJC_ISA_USAGE = YES_ERROR;
				CLANG_WARN_DOCUMENTATION_COMMENTS = YES;
				CLANG_WARN_EMPTY_BODY = YES;
				CLANG_WARN_ENUM_CONVERSION = YES;
				CLANG_WARN_INFINITE_RECURSION = YES;
				CLANG_WARN_INT_CONVERSION = YES;
				CLANG_WARN_NON_LITERAL_NULL_CONVERSION = YES;
				CLANG_WARN_OBJC_IMPLICIT_RETAIN_SELF = YES;
				CLANG_WARN_OBJC_LITERAL_CONVERSION = YES;
				CLANG_WARN_OBJC_ROOT_CLASS = YES_ERROR;
				CLANG_WARN_RANGE_LOOP_ANALYSIS = YES;
				CLANG_WARN_STRICT_PROTOTYPES = YES;
				CLANG_WARN_SUSPICIOUS_MOVE = YES;
				CLANG_WARN_UNGUARDED_AVAILABILITY = YES_AGGRESSIVE;
				CLANG_WARN_UNREACHABLE_CODE = YES;
				CLANG_WARN__DUPLICATE_METHOD_MATCH = YES;
				CODE_SIGN_IDENTITY = "iPhone Developer";
				COPY_PHASE_STRIP = NO;
				DEBUG_INFORMATION_FORMAT = dwarf;
				ENABLE_STRICT_OBJC_MSGSEND = YES;
				ENABLE_TESTABILITY = YES;
				GCC_C_LANGUAGE_STANDARD = gnu11;
				GCC_DYNAMIC_NO_PIC = NO;
				GCC_NO_COMMON_BLOCKS = YES;
				GCC_OPTIMIZATION_LEVEL = 0;
				GCC_PREPROCESSOR_DEFINITIONS = (
					"DEBUG=1",
					"$(inherited)",
				);
				GCC_WARN_64_TO_32_BIT_CONVERSION = YES;
				GCC_WARN_ABOUT_RETURN_TYPE = YES_ERROR;
				GCC_WARN_UNDECLARED_SELECTOR = YES;
				GCC_WARN_UNINITIALIZED_AUTOS = YES_AGGRESSIVE;
				GCC_WARN_UNUSED_FUNCTION = YES;
				GCC_WARN_UNUSED_VARIABLE = YES;
				IPHONEOS_DEPLOYMENT_TARGET = 11.3;
				MTL_ENABLE_DEBUG_INFO = YES;
				ONLY_ACTIVE_ARCH = YES;
				SDKROOT = iphoneos;
				SWIFT_ACTIVE_COMPILATION_CONDITIONS = DEBUG;
				SWIFT_OPTIMIZATION_LEVEL = "-Onone";
			};
			name = Debug;
		};
		DDC3961E208702F100B46249 /* Release */ = {
			isa = XCBuildConfiguration;
			buildSettings = {
				ALWAYS_SEARCH_USER_PATHS = NO;
				CLANG_ANALYZER_NONNULL = YES;
				CLANG_ANALYZER_NUMBER_OBJECT_CONVERSION = YES_AGGRESSIVE;
				CLANG_CXX_LANGUAGE_STANDARD = "gnu++14";
				CLANG_CXX_LIBRARY = "libc++";
				CLANG_ENABLE_MODULES = YES;
				CLANG_ENABLE_OBJC_ARC = YES;
				CLANG_ENABLE_OBJC_WEAK = YES;
				CLANG_WARN_BLOCK_CAPTURE_AUTORELEASING = YES;
				CLANG_WARN_BOOL_CONVERSION = YES;
				CLANG_WARN_COMMA = YES;
				CLANG_WARN_CONSTANT_CONVERSION = YES;
				CLANG_WARN_DEPRECATED_OBJC_IMPLEMENTATIONS = YES;
				CLANG_WARN_DIRECT_OBJC_ISA_USAGE = YES_ERROR;
				CLANG_WARN_DOCUMENTATION_COMMENTS = YES;
				CLANG_WARN_EMPTY_BODY = YES;
				CLANG_WARN_ENUM_CONVERSION = YES;
				CLANG_WARN_INFINITE_RECURSION = YES;
				CLANG_WARN_INT_CONVERSION = YES;
				CLANG_WARN_NON_LITERAL_NULL_CONVERSION = YES;
				CLANG_WARN_OBJC_IMPLICIT_RETAIN_SELF = YES;
				CLANG_WARN_OBJC_LITERAL_CONVERSION = YES;
				CLANG_WARN_OBJC_ROOT_CLASS = YES_ERROR;
				CLANG_WARN_RANGE_LOOP_ANALYSIS = YES;
				CLANG_WARN_STRICT_PROTOTYPES = YES;
				CLANG_WARN_SUSPICIOUS_MOVE = YES;
				CLANG_WARN_UNGUARDED_AVAILABILITY = YES_AGGRESSIVE;
				CLANG_WARN_UNREACHABLE_CODE = YES;
				CLANG_WARN__DUPLICATE_METHOD_MATCH = YES;
				CODE_SIGN_IDENTITY = "iPhone Developer";
				COPY_PHASE_STRIP = NO;
				DEBUG_INFORMATION_FORMAT = "dwarf-with-dsym";
				ENABLE_NS_ASSERTIONS = NO;
				ENABLE_STRICT_OBJC_MSGSEND = YES;
				GCC_C_LANGUAGE_STANDARD = gnu11;
				GCC_NO_COMMON_BLOCKS = YES;
				GCC_WARN_64_TO_32_BIT_CONVERSION = YES;
				GCC_WARN_ABOUT_RETURN_TYPE = YES_ERROR;
				GCC_WARN_UNDECLARED_SELECTOR = YES;
				GCC_WARN_UNINITIALIZED_AUTOS = YES_AGGRESSIVE;
				GCC_WARN_UNUSED_FUNCTION = YES;
				GCC_WARN_UNUSED_VARIABLE = YES;
				IPHONEOS_DEPLOYMENT_TARGET = 11.3;
				MTL_ENABLE_DEBUG_INFO = NO;
				SDKROOT = iphoneos;
				SWIFT_COMPILATION_MODE = wholemodule;
				SWIFT_OPTIMIZATION_LEVEL = "-O";
				VALIDATE_PRODUCT = YES;
			};
			name = Release;
		};
		DDC39620208702F100B46249 /* Debug */ = {
			isa = XCBuildConfiguration;
			buildSettings = {
				ASSETCATALOG_COMPILER_APPICON_NAME = AppIcon;
				CODE_SIGN_STYLE = Automatic;
				DEVELOPMENT_TEAM = 2A9AZU9A2Y;
				INFOPLIST_FILE = "$(SRCROOT)/bubbletime/Info.plist";
				IPHONEOS_DEPLOYMENT_TARGET = 10.0;
				LD_RUNPATH_SEARCH_PATHS = (
					"$(inherited)",
					"@executable_path/Frameworks",
				);
				PRODUCT_BUNDLE_IDENTIFIER = "com.sudo-code.bubbletime";
				PRODUCT_NAME = "$(TARGET_NAME)";
				SWIFT_VERSION = 4.0;
				TARGETED_DEVICE_FAMILY = "1,2";
			};
			name = Debug;
		};
		DDC39621208702F100B46249 /* Release */ = {
			isa = XCBuildConfiguration;
			buildSettings = {
				ASSETCATALOG_COMPILER_APPICON_NAME = AppIcon;
				CODE_SIGN_STYLE = Automatic;
				DEVELOPMENT_TEAM = 2A9AZU9A2Y;
				INFOPLIST_FILE = "$(SRCROOT)/bubbletime/Info.plist";
				IPHONEOS_DEPLOYMENT_TARGET = 10.0;
				LD_RUNPATH_SEARCH_PATHS = (
					"$(inherited)",
					"@executable_path/Frameworks",
				);
				PRODUCT_BUNDLE_IDENTIFIER = "com.sudo-code.bubbletime";
				PRODUCT_NAME = "$(TARGET_NAME)";
				SWIFT_VERSION = 4.0;
				TARGETED_DEVICE_FAMILY = "1,2";
			};
			name = Release;
		};
/* End XCBuildConfiguration section */

/* Begin XCConfigurationList section */
		DDC39608208702F000B46249 /* Build configuration list for PBXProject "bubbletime" */ = {
			isa = XCConfigurationList;
			buildConfigurations = (
				DDC3961D208702F100B46249 /* Debug */,
				DDC3961E208702F100B46249 /* Release */,
			);
			defaultConfigurationIsVisible = 0;
			defaultConfigurationName = Release;
		};
		DDC3961F208702F100B46249 /* Build configuration list for PBXNativeTarget "bubbletime" */ = {
			isa = XCConfigurationList;
			buildConfigurations = (
				DDC39620208702F100B46249 /* Debug */,
				DDC39621208702F100B46249 /* Release */,
			);
			defaultConfigurationIsVisible = 0;
			defaultConfigurationName = Release;
		};
/* End XCConfigurationList section */
	};
	rootObject = DDC39605208702F000B46249 /* Project object */;
}
